{
    "name": "k2-blocks-aws-receipes",
    "lockfileVersion": 2,
    "requires": true,
    "packages": {
        "": {
            "dependencies": {
                "@tuxounet-k2/builder": "latest",
                "@types/node": "18.11.18",
                "aws-cdk-lib": "^2.61.1",
                "constructs": "^10.0.0"
            }
        },
        "node_modules/@aws-cdk/asset-awscli-v1": {
            "version": "2.2.57",
            "resolved": "https://registry.npmjs.org/@aws-cdk/asset-awscli-v1/-/asset-awscli-v1-2.2.57.tgz",
            "integrity": "sha512-t3d9Lr8xLOlvcM43gZj18BjQ5utEIXCgeVkKwE8lN0+Nh6NCdxr42EFR55KoocFM0Veb0jbeMAfNpKsbfjJalQ=="
        },
        "node_modules/@aws-cdk/asset-kubectl-v20": {
            "version": "2.1.1",
            "resolved": "https://registry.npmjs.org/@aws-cdk/asset-kubectl-v20/-/asset-kubectl-v20-2.1.1.tgz",
            "integrity": "sha512-U1ntiX8XiMRRRH5J1IdC+1t5CE89015cwyt5U63Cpk0GnMlN5+h9WsWMlKlPXZR4rdq/m806JRlBMRpBUB2Dhw=="
        },
        "node_modules/@aws-cdk/asset-node-proxy-agent-v5": {
            "version": "2.0.46",
            "resolved": "https://registry.npmjs.org/@aws-cdk/asset-node-proxy-agent-v5/-/asset-node-proxy-agent-v5-2.0.46.tgz",
            "integrity": "sha512-owThlUftQcJDYPs22zLwkeN966ezkTxlJ8S8UIu3PF1LvIggWdmtHUsBKcDvQEDLpEzbkMu0uvwoWPd3twvmkA=="
        },
        "node_modules/@tuxounet-k2/builder": {
            "version": "0.0.5",
            "resolved": "https://registry.npmjs.org/@tuxounet-k2/builder/-/builder-0.0.5.tgz",
            "integrity": "sha512-gyuxR42JkGc29bmJ21kL6Kt4RXRjDLmabnbC4z5y5WVVsJZWt2FXfa/evmxRyyLOj4BBooApZNdvUZdh/WsjSA==",
            "dependencies": {
                "aws-cdk": "^2.61.1",
                "aws-cdk-lib": "^2.61.1",
                "construct": "^1.0.0",
                "source-map-support": "^0.5.21"
            }
        },
        "node_modules/@types/node": {
            "version": "18.11.18",
            "resolved": "https://registry.npmjs.org/@types/node/-/node-18.11.18.tgz",
            "integrity": "sha512-DHQpWGjyQKSHj3ebjFI/wRKcqQcdR+MoFBygntYOZytCqNfkd2ZC4ARDJ2DQqhjH5p85Nnd3jhUJIXrszFX/JA=="
        },
        "node_modules/aws-cdk": {
            "version": "2.63.1",
            "resolved": "https://registry.npmjs.org/aws-cdk/-/aws-cdk-2.63.1.tgz",
            "integrity": "sha512-NJpKtbbyafwl2n3vAOE/AbZQ4r/8YZajUl389CNIB75QMkZ2ShxkdYzsvQ6WRfYS+u1U0+NMQ72KLqzb+Rv3NA==",
            "bin": {
                "cdk": "bin/cdk"
            },
            "engines": {
                "node": ">= 14.15.0"
            },
            "optionalDependencies": {
                "fsevents": "2.3.2"
            }
        },
        "node_modules/aws-cdk-lib": {
            "version": "2.61.1",
            "resolved": "https://registry.npmjs.org/aws-cdk-lib/-/aws-cdk-lib-2.61.1.tgz",
            "integrity": "sha512-+n6rXkIbGtu151XGN54c9+vObUqTKI50skPsZsPo6S0eKgj4ZsYVfS/W6lM4pgv839BwN66hyYAzOvreXAbKeA==",
            "bundleDependencies": [
                "@balena/dockerignore",
                "case",
                "fs-extra",
                "ignore",
                "jsonschema",
                "minimatch",
                "punycode",
                "semver",
                "yaml"
            ],
            "dependencies": {
                "@aws-cdk/asset-awscli-v1": "^2.2.49",
                "@aws-cdk/asset-kubectl-v20": "^2.1.1",
                "@aws-cdk/asset-node-proxy-agent-v5": "^2.0.38",
                "@balena/dockerignore": "^1.0.2",
                "case": "1.6.3",
                "fs-extra": "^9.1.0",
                "ignore": "^5.2.4",
                "jsonschema": "^1.4.1",
                "minimatch": "^3.1.2",
                "punycode": "^2.2.0",
                "semver": "^7.3.8",
                "yaml": "1.10.2"
            },
            "engines": {
                "node": ">= 14.15.0"
            },
            "peerDependencies": {
                "constructs": "^10.0.0"
            }
        },
        "node_modules/aws-cdk-lib/node_modules/@balena/dockerignore": {
            "version": "1.0.2",
            "inBundle": true,
            "license": "Apache-2.0"
        },
        "node_modules/aws-cdk-lib/node_modules/at-least-node": {
            "version": "1.0.0",
            "inBundle": true,
            "license": "ISC",
            "engines": {
                "node": ">= 4.0.0"
            }
        },
        "node_modules/aws-cdk-lib/node_modules/balanced-match": {
            "version": "1.0.2",
            "inBundle": true,
            "license": "MIT"
        },
        "node_modules/aws-cdk-lib/node_modules/brace-expansion": {
            "version": "1.1.11",
            "inBundle": true,
            "license": "MIT",
            "dependencies": {
                "balanced-match": "^1.0.0",
                "concat-map": "0.0.1"
            }
        },
        "node_modules/aws-cdk-lib/node_modules/case": {
            "version": "1.6.3",
            "inBundle": true,
            "license": "(MIT OR GPL-3.0-or-later)",
            "engines": {
                "node": ">= 0.8.0"
            }
        },
        "node_modules/aws-cdk-lib/node_modules/concat-map": {
            "version": "0.0.1",
            "inBundle": true,
            "license": "MIT"
        },
        "node_modules/aws-cdk-lib/node_modules/fs-extra": {
            "version": "9.1.0",
            "inBundle": true,
            "license": "MIT",
            "dependencies": {
                "at-least-node": "^1.0.0",
                "graceful-fs": "^4.2.0",
                "jsonfile": "^6.0.1",
                "universalify": "^2.0.0"
            },
            "engines": {
                "node": ">=10"
            }
        },
        "node_modules/aws-cdk-lib/node_modules/graceful-fs": {
            "version": "4.2.10",
            "inBundle": true,
            "license": "ISC"
        },
        "node_modules/aws-cdk-lib/node_modules/ignore": {
            "version": "5.2.4",
            "inBundle": true,
            "license": "MIT",
            "engines": {
                "node": ">= 4"
            }
        },
        "node_modules/aws-cdk-lib/node_modules/jsonfile": {
            "version": "6.1.0",
            "inBundle": true,
            "license": "MIT",
            "dependencies": {
                "universalify": "^2.0.0"
            },
            "optionalDependencies": {
                "graceful-fs": "^4.1.6"
            }
        },
        "node_modules/aws-cdk-lib/node_modules/jsonschema": {
            "version": "1.4.1",
            "inBundle": true,
            "license": "MIT",
            "engines": {
                "node": "*"
            }
        },
        "node_modules/aws-cdk-lib/node_modules/lru-cache": {
            "version": "6.0.0",
            "inBundle": true,
            "license": "ISC",
            "dependencies": {
                "yallist": "^4.0.0"
            },
            "engines": {
                "node": ">=10"
            }
        },
        "node_modules/aws-cdk-lib/node_modules/minimatch": {
            "version": "3.1.2",
            "inBundle": true,
            "license": "ISC",
            "dependencies": {
                "brace-expansion": "^1.1.7"
            },
            "engines": {
                "node": "*"
            }
        },
        "node_modules/aws-cdk-lib/node_modules/punycode": {
            "version": "2.2.0",
            "inBundle": true,
            "license": "MIT",
            "engines": {
                "node": ">=6"
            }
        },
        "node_modules/aws-cdk-lib/node_modules/semver": {
            "version": "7.3.8",
            "inBundle": true,
            "license": "ISC",
            "dependencies": {
                "lru-cache": "^6.0.0"
            },
            "bin": {
                "semver": "bin/semver.js"
            },
            "engines": {
                "node": ">=10"
            }
        },
        "node_modules/aws-cdk-lib/node_modules/universalify": {
            "version": "2.0.0",
            "inBundle": true,
            "license": "MIT",
            "engines": {
                "node": ">= 10.0.0"
            }
        },
        "node_modules/aws-cdk-lib/node_modules/yallist": {
            "version": "4.0.0",
            "inBundle": true,
            "license": "ISC"
        },
        "node_modules/aws-cdk-lib/node_modules/yaml": {
            "version": "1.10.2",
            "inBundle": true,
            "license": "ISC",
            "engines": {
                "node": ">= 6"
            }
        },
        "node_modules/buffer-from": {
            "version": "1.1.2",
            "resolved": "https://registry.npmjs.org/buffer-from/-/buffer-from-1.1.2.tgz",
            "integrity": "sha512-E+XQCRwSbaaiChtv6k6Dwgc+bx+Bs6vuKJHHl5kox/BaKbhiXzqQOwK4cO22yElGp2OCmjwVhT3HmxgyPGnJfQ=="
        },
        "node_modules/construct": {
            "version": "1.0.0",
            "resolved": "https://registry.npmjs.org/construct/-/construct-1.0.0.tgz",
            "integrity": "sha512-AGU/GtcAyDLIToOmzth6/dfynQq7EJuhY4t3nK6Z8aYU+k3/SHOouD1S40q2rALxZN8glMN07jdFsMdVUpomjQ==",
            "engines": {
                "node": "*"
            }
        },
        "node_modules/constructs": {
            "version": "10.1.240",
            "resolved": "https://registry.npmjs.org/constructs/-/constructs-10.1.240.tgz",
            "integrity": "sha512-wUKvSp7cSZc9MutPOXsack4kD3FK7QKE8bFZl4lMuQc/aqkZ1RnYCE/IBfVuRn59y6YtiLp+9F6waHZbO04GbA==",
            "engines": {
                "node": ">= 14.17.0"
            }
        },
        "node_modules/fsevents": {
            "version": "2.3.2",
            "resolved": "https://registry.npmjs.org/fsevents/-/fsevents-2.3.2.tgz",
            "integrity": "sha512-xiqMQR4xAeHTuB9uWm+fFRcIOgKBMiOBP+eXiyT7jsgVCq1bkVygt00oASowB7EdtpOHaaPgKt812P9ab+DDKA==",
            "hasInstallScript": true,
            "optional": true,
            "os": [
                "darwin"
            ],
            "engines": {
                "node": "^8.16.0 || ^10.6.0 || >=11.0.0"
            }
        },
        "node_modules/source-map": {
            "version": "0.6.1",
            "resolved": "https://registry.npmjs.org/source-map/-/source-map-0.6.1.tgz",
            "integrity": "sha512-UjgapumWlbMhkBgzT7Ykc5YXUT46F0iKu8SGXq0bcwP5dz/h0Plj6enJqjz1Zbq2l5WaqYnrVbwWOWMyF3F47g==",
            "engines": {
                "node": ">=0.10.0"
            }
        },
        "node_modules/source-map-support": {
            "version": "0.5.21",
            "resolved": "https://registry.npmjs.org/source-map-support/-/source-map-support-0.5.21.tgz",
            "integrity": "sha512-uBHU3L3czsIyYXKX88fdrGovxdSCoTGDRZ6SYXtSRxLZUzHg5P/66Ht6uoUlHu9EZod+inXhKo3qQgwXUT/y1w==",
            "dependencies": {
                "buffer-from": "^1.0.0",
                "source-map": "^0.6.0"
            }
        }
    },
    "dependencies": {
        "@aws-cdk/asset-awscli-v1": {
            "version": "2.2.57",
            "resolved": "https://registry.npmjs.org/@aws-cdk/asset-awscli-v1/-/asset-awscli-v1-2.2.57.tgz",
            "integrity": "sha512-t3d9Lr8xLOlvcM43gZj18BjQ5utEIXCgeVkKwE8lN0+Nh6NCdxr42EFR55KoocFM0Veb0jbeMAfNpKsbfjJalQ=="
        },
        "@aws-cdk/asset-kubectl-v20": {
            "version": "2.1.1",
            "resolved": "https://registry.npmjs.org/@aws-cdk/asset-kubectl-v20/-/asset-kubectl-v20-2.1.1.tgz",
            "integrity": "sha512-U1ntiX8XiMRRRH5J1IdC+1t5CE89015cwyt5U63Cpk0GnMlN5+h9WsWMlKlPXZR4rdq/m806JRlBMRpBUB2Dhw=="
        },
        "@aws-cdk/asset-node-proxy-agent-v5": {
            "version": "2.0.46",
            "resolved": "https://registry.npmjs.org/@aws-cdk/asset-node-proxy-agent-v5/-/asset-node-proxy-agent-v5-2.0.46.tgz",
            "integrity": "sha512-owThlUftQcJDYPs22zLwkeN966ezkTxlJ8S8UIu3PF1LvIggWdmtHUsBKcDvQEDLpEzbkMu0uvwoWPd3twvmkA=="
        },
        "@tuxounet-k2/builder": {
            "version": "0.0.5",
            "resolved": "https://registry.npmjs.org/@tuxounet-k2/builder/-/builder-0.0.5.tgz",
            "integrity": "sha512-gyuxR42JkGc29bmJ21kL6Kt4RXRjDLmabnbC4z5y5WVVsJZWt2FXfa/evmxRyyLOj4BBooApZNdvUZdh/WsjSA==",
            "requires": {
                "aws-cdk": "^2.61.1",
                "aws-cdk-lib": "^2.61.1",
                "construct": "^1.0.0",
                "source-map-support": "^0.5.21"
            }
        },
        "@types/node": {
            "version": "18.11.18",
            "resolved": "https://registry.npmjs.org/@types/node/-/node-18.11.18.tgz",
            "integrity": "sha512-DHQpWGjyQKSHj3ebjFI/wRKcqQcdR+MoFBygntYOZytCqNfkd2ZC4ARDJ2DQqhjH5p85Nnd3jhUJIXrszFX/JA=="
        },
        "aws-cdk": {
            "version": "2.63.1",
            "resolved": "https://registry.npmjs.org/aws-cdk/-/aws-cdk-2.63.1.tgz",
            "integrity": "sha512-NJpKtbbyafwl2n3vAOE/AbZQ4r/8YZajUl389CNIB75QMkZ2ShxkdYzsvQ6WRfYS+u1U0+NMQ72KLqzb+Rv3NA==",
            "requires": {
                "fsevents": "2.3.2"
            }
        },
        "aws-cdk-lib": {
            "version": "2.61.1",
            "resolved": "https://registry.npmjs.org/aws-cdk-lib/-/aws-cdk-lib-2.61.1.tgz",
            "integrity": "sha512-+n6rXkIbGtu151XGN54c9+vObUqTKI50skPsZsPo6S0eKgj4ZsYVfS/W6lM4pgv839BwN66hyYAzOvreXAbKeA==",
            "requires": {
                "@aws-cdk/asset-awscli-v1": "^2.2.49",
                "@aws-cdk/asset-kubectl-v20": "^2.1.1",
                "@aws-cdk/asset-node-proxy-agent-v5": "^2.0.38",
                "@balena/dockerignore": "^1.0.2",
                "case": "1.6.3",
                "fs-extra": "^9.1.0",
                "ignore": "^5.2.4",
                "jsonschema": "^1.4.1",
                "minimatch": "^3.1.2",
                "punycode": "^2.2.0",
                "semver": "^7.3.8",
                "yaml": "1.10.2"
            },
            "dependencies": {
                "@balena/dockerignore": {
                    "version": "1.0.2",
                    "bundled": true
                },
                "at-least-node": {
                    "version": "1.0.0",
                    "bundled": true
                },
                "balanced-match": {
                    "version": "1.0.2",
                    "bundled": true
                },
                "brace-expansion": {
                    "version": "1.1.11",
                    "bundled": true,
                    "requires": {
                        "balanced-match": "^1.0.0",
                        "concat-map": "0.0.1"
                    }
                },
                "case": {
                    "version": "1.6.3",
                    "bundled": true
                },
                "concat-map": {
                    "version": "0.0.1",
                    "bundled": true
                },
                "fs-extra": {
                    "version": "9.1.0",
                    "bundled": true,
                    "requires": {
                        "at-least-node": "^1.0.0",
                        "graceful-fs": "^4.2.0",
                        "jsonfile": "^6.0.1",
                        "universalify": "^2.0.0"
                    }
                },
                "graceful-fs": {
                    "version": "4.2.10",
                    "bundled": true
                },
                "ignore": {
                    "version": "5.2.4",
                    "bundled": true
                },
                "jsonfile": {
                    "version": "6.1.0",
                    "bundled": true,
                    "requires": {
                        "graceful-fs": "^4.1.6",
                        "universalify": "^2.0.0"
                    }
                },
                "jsonschema": {
                    "version": "1.4.1",
                    "bundled": true
                },
                "lru-cache": {
                    "version": "6.0.0",
                    "bundled": true,
                    "requires": {
                        "yallist": "^4.0.0"
                    }
                },
                "minimatch": {
                    "version": "3.1.2",
                    "bundled": true,
                    "requires": {
                        "brace-expansion": "^1.1.7"
                    }
                },
                "punycode": {
                    "version": "2.2.0",
                    "bundled": true
                },
                "semver": {
                    "version": "7.3.8",
                    "bundled": true,
                    "requires": {
                        "lru-cache": "^6.0.0"
                    }
                },
                "universalify": {
                    "version": "2.0.0",
                    "bundled": true
                },
                "yallist": {
                    "version": "4.0.0",
                    "bundled": true
                },
                "yaml": {
                    "version": "1.10.2",
                    "bundled": true
                }
            }
        },
        "buffer-from": {
            "version": "1.1.2",
            "resolved": "https://registry.npmjs.org/buffer-from/-/buffer-from-1.1.2.tgz",
            "integrity": "sha512-E+XQCRwSbaaiChtv6k6Dwgc+bx+Bs6vuKJHHl5kox/BaKbhiXzqQOwK4cO22yElGp2OCmjwVhT3HmxgyPGnJfQ=="
        },
        "construct": {
            "version": "1.0.0",
            "resolved": "https://registry.npmjs.org/construct/-/construct-1.0.0.tgz",
            "integrity": "sha512-AGU/GtcAyDLIToOmzth6/dfynQq7EJuhY4t3nK6Z8aYU+k3/SHOouD1S40q2rALxZN8glMN07jdFsMdVUpomjQ=="
        },
        "constructs": {
            "version": "10.1.240",
            "resolved": "https://registry.npmjs.org/constructs/-/constructs-10.1.240.tgz",
            "integrity": "sha512-wUKvSp7cSZc9MutPOXsack4kD3FK7QKE8bFZl4lMuQc/aqkZ1RnYCE/IBfVuRn59y6YtiLp+9F6waHZbO04GbA=="
        },
        "fsevents": {
            "version": "2.3.2",
            "resolved": "https://registry.npmjs.org/fsevents/-/fsevents-2.3.2.tgz",
            "integrity": "sha512-xiqMQR4xAeHTuB9uWm+fFRcIOgKBMiOBP+eXiyT7jsgVCq1bkVygt00oASowB7EdtpOHaaPgKt812P9ab+DDKA==",
            "optional": true
        },
        "source-map": {
            "version": "0.6.1",
            "resolved": "https://registry.npmjs.org/source-map/-/source-map-0.6.1.tgz",
            "integrity": "sha512-UjgapumWlbMhkBgzT7Ykc5YXUT46F0iKu8SGXq0bcwP5dz/h0Plj6enJqjz1Zbq2l5WaqYnrVbwWOWMyF3F47g=="
        },
        "source-map-support": {
            "version": "0.5.21",
            "resolved": "https://registry.npmjs.org/source-map-support/-/source-map-support-0.5.21.tgz",
            "integrity": "sha512-uBHU3L3czsIyYXKX88fdrGovxdSCoTGDRZ6SYXtSRxLZUzHg5P/66Ht6uoUlHu9EZod+inXhKo3qQgwXUT/y1w==",
            "requires": {
                "buffer-from": "^1.0.0",
                "source-map": "^0.6.0"
            }
        }
    }
}
